// !$*UTF8*$!
{
	archiveVersion = 1;
	classes = {
	};
	objectVersion = 46;
	objects = {

/* Begin PBXBuildFile section */
		67ED5E321C85FD690051CA0A /* LDIF.mm in Sources */ = {isa = PBXBuildFile; fileRef = 67ED5E311C85FD690051CA0A /* LDIF.mm */; };
		67ED5E381C86E4360051CA0A /* BBLMTextUtils.mm in Sources */ = {isa = PBXBuildFile; fileRef = 67ED5E371C86E4360051CA0A /* BBLMTextUtils.mm */; };
		67ED5E3B1C86E4C10051CA0A /* Foundation.framework in Frameworks */ = {isa = PBXBuildFile; fileRef = 67ED5E3A1C86E4C10051CA0A /* Foundation.framework */; };
		67ED5E3E1C86E5290051CA0A /* Security.framework in Frameworks */ = {isa = PBXBuildFile; fileRef = 67ED5E3D1C86E5290051CA0A /* Security.framework */; };
/* End PBXBuildFile section */

/* Begin PBXFileReference section */
		5F05134505A0957400BD0E76 /* Info.plist */ = {isa = PBXFileReference; lastKnownFileType = text.plist.xml; path = Info.plist; sourceTree = "<group>"; };
		5F05134605A0957400BD0E76 /* LDIF.bblm */ = {isa = PBXFileReference; explicitFileType = wrapper.cfbundle; includeInIndex = 0; path = LDIF.bblm; sourceTree = BUILT_PRODUCTS_DIR; };
		67ED5E311C85FD690051CA0A /* LDIF.mm */ = {isa = PBXFileReference; fileEncoding = 4; lastKnownFileType = sourcecode.cpp.objcpp; name = LDIF.mm; path = LDIF/LDIF.mm; sourceTree = "<group>"; };
		67ED5E331C86E41B0051CA0A /* BBLMToken.h */ = {isa = PBXFileReference; lastKnownFileType = sourcecode.c.h; name = BBLMToken.h; path = "Interfaces/Language Modules/BBLMToken.h"; sourceTree = "<group>"; };
		67ED5E341C86E42E0051CA0A /* BBLMTextUtils.h */ = {isa = PBXFileReference; lastKnownFileType = sourcecode.c.h; name = BBLMTextUtils.h; path = "Interfaces/Language Modules/BBLMTextUtils.h"; sourceTree = "<group>"; };
		67ED5E351C86E42E0051CA0A /* BBLMTextIterator.h */ = {isa = PBXFileReference; lastKnownFileType = sourcecode.c.h; name = BBLMTextIterator.h; path = "Interfaces/Language Modules/BBLMTextIterator.h"; sourceTree = "<group>"; };
		67ED5E361C86E42E0051CA0A /* BBLMInterface.h */ = {isa = PBXFileReference; lastKnownFileType = sourcecode.c.h; name = BBLMInterface.h; path = "Interfaces/Language Modules/BBLMInterface.h"; sourceTree = "<group>"; };
		67ED5E371C86E4360051CA0A /* BBLMTextUtils.mm */ = {isa = PBXFileReference; fileEncoding = 4; lastKnownFileType = sourcecode.cpp.objcpp; name = BBLMTextUtils.mm; path = "Interfaces/Language Modules/BBLMTextUtils.mm"; sourceTree = "<group>"; };
		67ED5E3A1C86E4C10051CA0A /* Foundation.framework */ = {isa = PBXFileReference; lastKnownFileType = wrapper.framework; name = Foundation.framework; path = System/Library/Frameworks/Foundation.framework; sourceTree = SDKROOT; };
		67ED5E3D1C86E5290051CA0A /* Security.framework */ = {isa = PBXFileReference; lastKnownFileType = wrapper.framework; name = Security.framework; path = System/Library/Frameworks/Security.framework; sourceTree = SDKROOT; };
/* End PBXFileReference section */

/* Begin PBXFrameworksBuildPhase section */
		67ED5E391C86E4B20051CA0A /* Frameworks */ = {
			isa = PBXFrameworksBuildPhase;
			buildActionMask = 2147483647;
			files = (
				67ED5E3E1C86E5290051CA0A /* Security.framework in Frameworks */,
				67ED5E3B1C86E4C10051CA0A /* Foundation.framework in Frameworks */,
			);
			runOnlyForDeploymentPostprocessing = 0;
		};
/* End PBXFrameworksBuildPhase section */

/* Begin PBXGroup section */
		089C166AFE841209C02AAC07 /* Hello World */ = {
			isa = PBXGroup;
			children = (
				08FB77ADFE841716C02AAC07 /* Source */,
				2EADE40E056EA22B004A4EFC /* SDK Headers */,
				5F05134505A0957400BD0E76 /* Info.plist */,
				67ED5E3C1C86E4CE0051CA0A /* Frameworks */,
				5F05134605A0957400BD0E76 /* LDIF.bblm */,
			);
			name = "Hello World";
			sourceTree = "<group>";
		};
		08FB77ADFE841716C02AAC07 /* Source */ = {
			isa = PBXGroup;
			children = (
				67ED5E311C85FD690051CA0A /* LDIF.mm */,
				67ED5E371C86E4360051CA0A /* BBLMTextUtils.mm */,
			);
			name = Source;
			sourceTree = "<group>";
		};
		2EADE40E056EA22B004A4EFC /* SDK Headers */ = {
			isa = PBXGroup;
			children = (
				67ED5E341C86E42E0051CA0A /* BBLMTextUtils.h */,
				67ED5E351C86E42E0051CA0A /* BBLMTextIterator.h */,
				67ED5E361C86E42E0051CA0A /* BBLMInterface.h */,
				67ED5E331C86E41B0051CA0A /* BBLMToken.h */,
			);
			name = "SDK Headers";
			sourceTree = "<group>";
		};
		67ED5E3C1C86E4CE0051CA0A /* Frameworks */ = {
			isa = PBXGroup;
			children = (
				67ED5E3D1C86E5290051CA0A /* Security.framework */,
				67ED5E3A1C86E4C10051CA0A /* Foundation.framework */,
			);
			name = Frameworks;
			sourceTree = "<group>";
		};
/* End PBXGroup section */

/* Begin PBXNativeTarget section */
		5F05133905A0957400BD0E76 /* LDIF */ = {
			isa = PBXNativeTarget;
			buildConfigurationList = 2E4F91CD0863164B009D6578 /* Build configuration list for PBXNativeTarget "LDIF" */;
			buildPhases = (
				5F05133F05A0957400BD0E76 /* Sources */,
				67ED5E391C86E4B20051CA0A /* Frameworks */,
			);
			buildRules = (
			);
			dependencies = (
			);
			name = LDIF;
			productInstallPath = "$(HOME)/Library/Bundles";
			productName = "Hello World";
			productReference = 5F05134605A0957400BD0E76 /* LDIF.bblm */;
			productType = "com.apple.product-type.bundle";
		};
/* End PBXNativeTarget section */

/* Begin PBXProject section */
		089C1669FE841209C02AAC07 /* Project object */ = {
			isa = PBXProject;
			attributes = {
				LastUpgradeCheck = 0710;
			};
			buildConfigurationList = 2E4F91D10863164B009D6578 /* Build configuration list for PBXProject "LDIF" */;
			compatibilityVersion = "Xcode 3.2";
			developmentRegion = English;
			hasScannedForEncodings = 1;
			knownRegions = (
				en,
			);
			mainGroup = 089C166AFE841209C02AAC07 /* Hello World */;
			productRefGroup = 089C166AFE841209C02AAC07 /* Hello World */;
			projectDirPath = "";
			projectRoot = "";
			targets = (
				5F05133905A0957400BD0E76 /* LDIF */,
			);
		};
/* End PBXProject section */

/* Begin PBXSourcesBuildPhase section */
		5F05133F05A0957400BD0E76 /* Sources */ = {
			isa = PBXSourcesBuildPhase;
			buildActionMask = 2147483647;
			files = (
				67ED5E381C86E4360051CA0A /* BBLMTextUtils.mm in Sources */,
				67ED5E321C85FD690051CA0A /* LDIF.mm in Sources */,
			);
			runOnlyForDeploymentPostprocessing = 0;
		};
/* End PBXSourcesBuildPhase section */

/* Begin XCBuildConfiguration section */
		2E4F91CE0863164B009D6578 /* Debug */ = {
			isa = XCBuildConfiguration;
			buildSettings = {
				COMBINE_HIDPI_IMAGES = YES;
				COPY_PHASE_STRIP = NO;
				INFOPLIST_FILE = Info.plist;
				INSTALL_MODE_FLAG = "ug+w,o-w,a+rX";
				ONLY_ACTIVE_ARCH = NO;
				OTHER_CFLAGS = "";
				PRODUCT_NAME = LDIF;
				WRAPPER_EXTENSION = bblm;
			};
			name = Debug;
		};
		2E4F91CF0863164B009D6578 /* Release */ = {
			isa = XCBuildConfiguration;
			buildSettings = {
				COMBINE_HIDPI_IMAGES = YES;
				COPY_PHASE_STRIP = YES;
				INFOPLIST_FILE = Info.plist;
				INSTALL_MODE_FLAG = "ug+w,o-w,a+rX";
				ONLY_ACTIVE_ARCH = NO;
				OTHER_CFLAGS = "";
				PRODUCT_NAME = LDIF;
				WRAPPER_EXTENSION = bblm;
			};
			name = Release;
		};
		2E4F91D20863164B009D6578 /* Debug */ = {
			isa = XCBuildConfiguration;
			buildSettings = {
				ARCHS = "$(ARCHS_STANDARD_32_64_BIT)";
				ENABLE_TESTABILITY = YES;
				GCC_TREAT_WARNINGS_AS_ERRORS = YES;
				ONLY_ACTIVE_ARCH = YES;
			};
			name = Debug;
		};
		2E4F91D30863164B009D6578 /* Release */ = {
			isa = XCBuildConfiguration;
			buildSettings = {
				ARCHS = "$(ARCHS_STANDARD_32_64_BIT)";
				GCC_TREAT_WARNINGS_AS_ERRORS = YES;
			};
			name = Release;
		};
/* End XCBuildConfiguration section */

/* Begin XCConfigurationList section */
		2E4F91CD0863164B009D6578 /* Build configuration list for PBXNativeTarget "LDIF" */ = {
			isa = XCConfigurationList;
			buildConfigurations = (
				2E4F91CE0863164B009D6578 /* Debug */,
				2E4F91CF0863164B009D6578 /* Release */,
			);
			defaultConfigurationIsVisible = 0;
			defaultConfigurationName = Debug;
		};
		2E4F91D10863164B009D6578 /* Build configuration list for PBXProject "LDIF" */ = {
			isa = XCConfigurationList;
			buildConfigurations = (
				2E4F91D20863164B009D6578 /* Debug */,
				2E4F91D30863164B009D6578 /* Release */,
			);
			defaultConfigurationIsVisible = 0;
			defaultConfigurationName = Debug;
		};
/* End XCConfigurationList section */
	};
	rootObject = 089C1669FE841209C02AAC07 /* Project object */;
}
